
Microsoft Visual Studio Solution File, Format Version 12.00
# Visual Studio Version 17
VisualStudioVersion = 17.10.35027.167
MinimumVisualStudioVersion = 10.0.40219.1
Project("{FAE04EC0-301F-11D3-BF4B-00C04F79EFBC}") = "Lab1", "Lab1\Lab1.csproj", "{BC2A5231-A74B-4FDD-B382-A6444697F86A}"
EndProject
Global
	GlobalSection(SolutionConfigurationPlatforms) = preSolution
		Debug|Any CPU = Debug|Any CPU
		Release|Any CPU = Release|Any CPU
	EndGlobalSection
	GlobalSection(ProjectConfigurationPlatforms) = postSolution
		{BC2A5231-A74B-4FDD-B382-A6444697F86A}.Debug|Any CPU.ActiveCfg = Debug|Any CPU
		{BC2A5231-A74B-4FDD-B382-A6444697F86A}.Debug|Any CPU.Build.0 = Debug|Any CPU
		{BC2A5231-A74B-4FDD-B382-A6444697F86A}.Release|Any CPU.ActiveCfg = Release|Any CPU
		{BC2A5231-A74B-4FDD-B382-A6444697F86A}.Release|Any CPU.Build.0 = Release|Any CPU
	EndGlobalSection
	GlobalSection(SolutionProperties) = preSolution
		HideSolutionNode = FALSE
	EndGlobalSection
	GlobalSection(ExtensibilityGlobals) = postSolution
		SolutionGuid = {6150EDE6-DA13-4788-A458-9EABEEB81DA8}
	EndGlobalSection
EndGlobal
